// !$*UTF8*$!
{
	archiveVersion = 1;
	classes = {
	};
	objectVersion = 46;
	objects = {

/* Begin PBXBuildFile section */
		0750B01D121843BA8F64AC29 /* libPods-MYRHTTPSessionTests.a in Frameworks */ = {isa = PBXBuildFile; fileRef = 37FF7076BCA0453E9F2E75FE /* libPods-MYRHTTPSessionTests.a */; };
		4E91CEE0196673A5000AEDD4 /* Foundation.framework in Frameworks */ = {isa = PBXBuildFile; fileRef = 4E91CEDF196673A5000AEDD4 /* Foundation.framework */; };
		4E91CEE5196673A5000AEDD4 /* MYRHTTPSession.h in CopyFiles */ = {isa = PBXBuildFile; fileRef = 4E91CEE4196673A5000AEDD4 /* MYRHTTPSession.h */; };
		4E91CEE7196673A5000AEDD4 /* MYRHTTPSession.m in Sources */ = {isa = PBXBuildFile; fileRef = 4E91CEE6196673A5000AEDD4 /* MYRHTTPSession.m */; };
		4E91CF0A19667432000AEDD4 /* Foundation.framework in Frameworks */ = {isa = PBXBuildFile; fileRef = 4E91CEDF196673A5000AEDD4 /* Foundation.framework */; };
		4E91CF0C19667432000AEDD4 /* CoreGraphics.framework in Frameworks */ = {isa = PBXBuildFile; fileRef = 4E91CF0B19667432000AEDD4 /* CoreGraphics.framework */; };
		4E91CF0D19667432000AEDD4 /* UIKit.framework in Frameworks */ = {isa = PBXBuildFile; fileRef = 4E91CEF0196673A6000AEDD4 /* UIKit.framework */; };
		4E91CF1319667432000AEDD4 /* InfoPlist.strings in Resources */ = {isa = PBXBuildFile; fileRef = 4E91CF1119667432000AEDD4 /* InfoPlist.strings */; };
		4E91CF1519667432000AEDD4 /* main.m in Sources */ = {isa = PBXBuildFile; fileRef = 4E91CF1419667432000AEDD4 /* main.m */; };
		4E91CF1B19667432000AEDD4 /* Images.xcassets in Resources */ = {isa = PBXBuildFile; fileRef = 4E91CF1A19667432000AEDD4 /* Images.xcassets */; };
		4E91CF36196676FD000AEDD4 /* MYRHTTPSessionTests.m in Sources */ = {isa = PBXBuildFile; fileRef = 4E91CF35196676FD000AEDD4 /* MYRHTTPSessionTests.m */; };
		4E91CF3719667710000AEDD4 /* MYRHTTPSession.m in Sources */ = {isa = PBXBuildFile; fileRef = 4E91CEE6196673A5000AEDD4 /* MYRHTTPSession.m */; };
/* End PBXBuildFile section */

/* Begin PBXCopyFilesBuildPhase section */
		4E91CEDA196673A5000AEDD4 /* CopyFiles */ = {
			isa = PBXCopyFilesBuildPhase;
			buildActionMask = 2147483647;
			dstPath = "include/$(PRODUCT_NAME)";
			dstSubfolderSpec = 16;
			files = (
				4E91CEE5196673A5000AEDD4 /* MYRHTTPSession.h in CopyFiles */,
			);
			runOnlyForDeploymentPostprocessing = 0;
		};
/* End PBXCopyFilesBuildPhase section */

/* Begin PBXFileReference section */
		37FF7076BCA0453E9F2E75FE /* libPods-MYRHTTPSessionTests.a */ = {isa = PBXFileReference; explicitFileType = archive.ar; includeInIndex = 0; path = "libPods-MYRHTTPSessionTests.a"; sourceTree = BUILT_PRODUCTS_DIR; };
		4E91CEDC196673A5000AEDD4 /* libMYRHTTPSession.a */ = {isa = PBXFileReference; explicitFileType = archive.ar; includeInIndex = 0; path = libMYRHTTPSession.a; sourceTree = BUILT_PRODUCTS_DIR; };
		4E91CEDF196673A5000AEDD4 /* Foundation.framework */ = {isa = PBXFileReference; lastKnownFileType = wrapper.framework; name = Foundation.framework; path = System/Library/Frameworks/Foundation.framework; sourceTree = SDKROOT; };
		4E91CEE3196673A5000AEDD4 /* MYRHTTPSession-Prefix.pch */ = {isa = PBXFileReference; lastKnownFileType = sourcecode.c.h; path = "MYRHTTPSession-Prefix.pch"; sourceTree = "<group>"; };
		4E91CEE4196673A5000AEDD4 /* MYRHTTPSession.h */ = {isa = PBXFileReference; lastKnownFileType = sourcecode.c.h; path = MYRHTTPSession.h; sourceTree = "<group>"; };
		4E91CEE6196673A5000AEDD4 /* MYRHTTPSession.m */ = {isa = PBXFileReference; lastKnownFileType = sourcecode.c.objc; path = MYRHTTPSession.m; sourceTree = "<group>"; };
		4E91CEED196673A6000AEDD4 /* XCTest.framework */ = {isa = PBXFileReference; lastKnownFileType = wrapper.framework; name = XCTest.framework; path = Library/Frameworks/XCTest.framework; sourceTree = DEVELOPER_DIR; };
		4E91CEF0196673A6000AEDD4 /* UIKit.framework */ = {isa = PBXFileReference; lastKnownFileType = wrapper.framework; name = UIKit.framework; path = Library/Frameworks/UIKit.framework; sourceTree = DEVELOPER_DIR; };
		4E91CF0919667432000AEDD4 /* MYRHTTPSessionTests.app */ = {isa = PBXFileReference; explicitFileType = wrapper.application; includeInIndex = 0; path = MYRHTTPSessionTests.app; sourceTree = BUILT_PRODUCTS_DIR; };
		4E91CF0B19667432000AEDD4 /* CoreGraphics.framework */ = {isa = PBXFileReference; lastKnownFileType = wrapper.framework; name = CoreGraphics.framework; path = System/Library/Frameworks/CoreGraphics.framework; sourceTree = SDKROOT; };
		4E91CF1019667432000AEDD4 /* MYRHTTPSessionTests-Info.plist */ = {isa = PBXFileReference; lastKnownFileType = text.plist.xml; path = "MYRHTTPSessionTests-Info.plist"; sourceTree = "<group>"; };
		4E91CF1219667432000AEDD4 /* en */ = {isa = PBXFileReference; lastKnownFileType = text.plist.strings; name = en; path = en.lproj/InfoPlist.strings; sourceTree = "<group>"; };
		4E91CF1419667432000AEDD4 /* main.m */ = {isa = PBXFileReference; lastKnownFileType = sourcecode.c.objc; path = main.m; sourceTree = "<group>"; };
		4E91CF1619667432000AEDD4 /* MYRHTTPSessionTests-Prefix.pch */ = {isa = PBXFileReference; lastKnownFileType = sourcecode.c.h; path = "MYRHTTPSessionTests-Prefix.pch"; sourceTree = "<group>"; };
		4E91CF1A19667432000AEDD4 /* Images.xcassets */ = {isa = PBXFileReference; lastKnownFileType = folder.assetcatalog; path = Images.xcassets; sourceTree = "<group>"; };
		4E91CF34196676FD000AEDD4 /* MYRHTTPSessionTests.h */ = {isa = PBXFileReference; fileEncoding = 4; lastKnownFileType = sourcecode.c.h; path = MYRHTTPSessionTests.h; sourceTree = "<group>"; };
		4E91CF35196676FD000AEDD4 /* MYRHTTPSessionTests.m */ = {isa = PBXFileReference; fileEncoding = 4; lastKnownFileType = sourcecode.c.objc; path = MYRHTTPSessionTests.m; sourceTree = "<group>"; };
		7A49AE4AE0EC49368A0E0273 /* Pods-MYRHTTPSessionTests.xcconfig */ = {isa = PBXFileReference; includeInIndex = 1; lastKnownFileType = text.xcconfig; name = "Pods-MYRHTTPSessionTests.xcconfig"; path = "Pods/Pods-MYRHTTPSessionTests.xcconfig"; sourceTree = "<group>"; };
/* End PBXFileReference section */

/* Begin PBXFrameworksBuildPhase section */
		4E91CED9196673A5000AEDD4 /* Frameworks */ = {
			isa = PBXFrameworksBuildPhase;
			buildActionMask = 2147483647;
			files = (
				4E91CEE0196673A5000AEDD4 /* Foundation.framework in Frameworks */,
			);
			runOnlyForDeploymentPostprocessing = 0;
		};
		4E91CF0619667432000AEDD4 /* Frameworks */ = {
			isa = PBXFrameworksBuildPhase;
			buildActionMask = 2147483647;
			files = (
				4E91CF0C19667432000AEDD4 /* CoreGraphics.framework in Frameworks */,
				4E91CF0D19667432000AEDD4 /* UIKit.framework in Frameworks */,
				4E91CF0A19667432000AEDD4 /* Foundation.framework in Frameworks */,
				0750B01D121843BA8F64AC29 /* libPods-MYRHTTPSessionTests.a in Frameworks */,
			);
			runOnlyForDeploymentPostprocessing = 0;
		};
/* End PBXFrameworksBuildPhase section */

/* Begin PBXGroup section */
		4E91CED3196673A5000AEDD4 = {
			isa = PBXGroup;
			children = (
				4E91CEE1196673A5000AEDD4 /* MYRHTTPSession */,
				4E91CF0E19667432000AEDD4 /* MYRHTTPSessionTests */,
				4E91CEDE196673A5000AEDD4 /* Frameworks */,
				4E91CEDD196673A5000AEDD4 /* Products */,
				7A49AE4AE0EC49368A0E0273 /* Pods-MYRHTTPSessionTests.xcconfig */,
			);
			sourceTree = "<group>";
		};
		4E91CEDD196673A5000AEDD4 /* Products */ = {
			isa = PBXGroup;
			children = (
				4E91CEDC196673A5000AEDD4 /* libMYRHTTPSession.a */,
				4E91CF0919667432000AEDD4 /* MYRHTTPSessionTests.app */,
			);
			name = Products;
			sourceTree = "<group>";
		};
		4E91CEDE196673A5000AEDD4 /* Frameworks */ = {
			isa = PBXGroup;
			children = (
				4E91CEDF196673A5000AEDD4 /* Foundation.framework */,
				4E91CEED196673A6000AEDD4 /* XCTest.framework */,
				4E91CEF0196673A6000AEDD4 /* UIKit.framework */,
				4E91CF0B19667432000AEDD4 /* CoreGraphics.framework */,
				37FF7076BCA0453E9F2E75FE /* libPods-MYRHTTPSessionTests.a */,
			);
			name = Frameworks;
			sourceTree = "<group>";
		};
		4E91CEE1196673A5000AEDD4 /* MYRHTTPSession */ = {
			isa = PBXGroup;
			children = (
				4E91CEE4196673A5000AEDD4 /* MYRHTTPSession.h */,
				4E91CEE6196673A5000AEDD4 /* MYRHTTPSession.m */,
				4E91CEE2196673A5000AEDD4 /* Supporting Files */,
			);
			path = MYRHTTPSession;
			sourceTree = "<group>";
		};
		4E91CEE2196673A5000AEDD4 /* Supporting Files */ = {
			isa = PBXGroup;
			children = (
				4E91CEE3196673A5000AEDD4 /* MYRHTTPSession-Prefix.pch */,
			);
			name = "Supporting Files";
			sourceTree = "<group>";
		};
		4E91CF0E19667432000AEDD4 /* MYRHTTPSessionTests */ = {
			isa = PBXGroup;
			children = (
				4E91CF1A19667432000AEDD4 /* Images.xcassets */,
				4E91CF0F19667432000AEDD4 /* Supporting Files */,
				4E91CF34196676FD000AEDD4 /* MYRHTTPSessionTests.h */,
				4E91CF35196676FD000AEDD4 /* MYRHTTPSessionTests.m */,
			);
			path = MYRHTTPSessionTests;
			sourceTree = "<group>";
		};
		4E91CF0F19667432000AEDD4 /* Supporting Files */ = {
			isa = PBXGroup;
			children = (
				4E91CF1019667432000AEDD4 /* MYRHTTPSessionTests-Info.plist */,
				4E91CF1119667432000AEDD4 /* InfoPlist.strings */,
				4E91CF1419667432000AEDD4 /* main.m */,
				4E91CF1619667432000AEDD4 /* MYRHTTPSessionTests-Prefix.pch */,
			);
			name = "Supporting Files";
			sourceTree = "<group>";
		};
/* End PBXGroup section */

/* Begin PBXNativeTarget section */
		4E91CEDB196673A5000AEDD4 /* MYRHTTPSession */ = {
			isa = PBXNativeTarget;
			buildConfigurationList = 4E91CEFF196673A6000AEDD4 /* Build configuration list for PBXNativeTarget "MYRHTTPSession" */;
			buildPhases = (
				4E91CED8196673A5000AEDD4 /* Sources */,
				4E91CED9196673A5000AEDD4 /* Frameworks */,
				4E91CEDA196673A5000AEDD4 /* CopyFiles */,
			);
			buildRules = (
			);
			dependencies = (
			);
			name = MYRHTTPSession;
			productName = MYRHTTPSession;
			productReference = 4E91CEDC196673A5000AEDD4 /* libMYRHTTPSession.a */;
			productType = "com.apple.product-type.library.static";
		};
		4E91CF0819667432000AEDD4 /* MYRHTTPSessionTests */ = {
			isa = PBXNativeTarget;
			buildConfigurationList = 4E91CF2E19667432000AEDD4 /* Build configuration list for PBXNativeTarget "MYRHTTPSessionTests" */;
			buildPhases = (
				F5D43801796C4AB383BD9EB7 /* Check Pods Manifest.lock */,
				4E91CF0519667432000AEDD4 /* Sources */,
				4E91CF0619667432000AEDD4 /* Frameworks */,
				4E91CF0719667432000AEDD4 /* Resources */,
				0AABF6EBDFBC483298D6587C /* Copy Pods Resources */,
			);
			buildRules = (
			);
			dependencies = (
			);
			name = MYRHTTPSessionTests;
			productName = MYRHTTPSessionTests;
			productReference = 4E91CF0919667432000AEDD4 /* MYRHTTPSessionTests.app */;
			productType = "com.apple.product-type.application";
		};
/* End PBXNativeTarget section */

/* Begin PBXProject section */
		4E91CED4196673A5000AEDD4 /* Project object */ = {
			isa = PBXProject;
			attributes = {
				LastUpgradeCheck = 0510;
			};
			buildConfigurationList = 4E91CED7196673A5000AEDD4 /* Build configuration list for PBXProject "MYRHTTPSession" */;
			compatibilityVersion = "Xcode 3.2";
			developmentRegion = English;
			hasScannedForEncodings = 0;
			knownRegions = (
				en,
			);
			mainGroup = 4E91CED3196673A5000AEDD4;
			productRefGroup = 4E91CEDD196673A5000AEDD4 /* Products */;
			projectDirPath = "";
			projectRoot = "";
			targets = (
				4E91CEDB196673A5000AEDD4 /* MYRHTTPSession */,
				4E91CF0819667432000AEDD4 /* MYRHTTPSessionTests */,
			);
		};
/* End PBXProject section */

/* Begin PBXResourcesBuildPhase section */
		4E91CF0719667432000AEDD4 /* Resources */ = {
			isa = PBXResourcesBuildPhase;
			buildActionMask = 2147483647;
			files = (
				4E91CF1319667432000AEDD4 /* InfoPlist.strings in Resources */,
				4E91CF1B19667432000AEDD4 /* Images.xcassets in Resources */,
			);
			runOnlyForDeploymentPostprocessing = 0;
		};
/* End PBXResourcesBuildPhase section */

/* Begin PBXShellScriptBuildPhase section */
		0AABF6EBDFBC483298D6587C /* Copy Pods Resources */ = {
			isa = PBXShellScriptBuildPhase;
			buildActionMask = 2147483647;
			files = (
			);
			inputPaths = (
			);
			name = "Copy Pods Resources";
			outputPaths = (
			);
			runOnlyForDeploymentPostprocessing = 0;
			shellPath = /bin/sh;
			shellScript = "\"${SRCROOT}/Pods/Pods-MYRHTTPSessionTests-resources.sh\"\n";
			showEnvVarsInLog = 0;
		};
		F5D43801796C4AB383BD9EB7 /* Check Pods Manifest.lock */ = {
			isa = PBXShellScriptBuildPhase;
			buildActionMask = 2147483647;
			files = (
			);
			inputPaths = (
			);
			name = "Check Pods Manifest.lock";
			outputPaths = (
			);
			runOnlyForDeploymentPostprocessing = 0;
			shellPath = /bin/sh;
			shellScript = "diff \"${PODS_ROOT}/../Podfile.lock\" \"${PODS_ROOT}/Manifest.lock\" > /dev/null\nif [[ $? != 0 ]] ; then\n    cat << EOM\nerror: The sandbox is not in sync with the Podfile.lock. Run 'pod install' or update your CocoaPods installation.\nEOM\n    exit 1\nfi\n";
			showEnvVarsInLog = 0;
		};
/* End PBXShellScriptBuildPhase section */

/* Begin PBXSourcesBuildPhase section */
		4E91CED8196673A5000AEDD4 /* Sources */ = {
			isa = PBXSourcesBuildPhase;
			buildActionMask = 2147483647;
			files = (
				4E91CEE7196673A5000AEDD4 /* MYRHTTPSession.m in Sources */,
			);
			runOnlyForDeploymentPostprocessing = 0;
		};
		4E91CF0519667432000AEDD4 /* Sources */ = {
			isa = PBXSourcesBuildPhase;
			buildActionMask = 2147483647;
			files = (
				4E91CF3719667710000AEDD4 /* MYRHTTPSession.m in Sources */,
				4E91CF1519667432000AEDD4 /* main.m in Sources */,
				4E91CF36196676FD000AEDD4 /* MYRHTTPSessionTests.m in Sources */,
			);
			runOnlyForDeploymentPostprocessing = 0;
		};
/* End PBXSourcesBuildPhase section */

/* Begin PBXVariantGroup section */
		4E91CF1119667432000AEDD4 /* InfoPlist.strings */ = {
			isa = PBXVariantGroup;
			children = (
				4E91CF1219667432000AEDD4 /* en */,
			);
			name = InfoPlist.strings;
			sourceTree = "<group>";
		};
/* End PBXVariantGroup section */

/* Begin XCBuildConfiguration section */
		4E91CEFD196673A6000AEDD4 /* Debug */ = {
			isa = XCBuildConfiguration;
			buildSettings = {
				ALWAYS_SEARCH_USER_PATHS = NO;
				CLANG_CXX_LANGUAGE_STANDARD = "gnu++0x";
				CLANG_CXX_LIBRARY = "libc++";
				CLANG_ENABLE_MODULES = YES;
				CLANG_ENABLE_OBJC_ARC = YES;
				CLANG_WARN_BOOL_CONVERSION = YES;
				CLANG_WARN_CONSTANT_CONVERSION = YES;
				CLANG_WARN_DIRECT_OBJC_ISA_USAGE = YES_ERROR;
				CLANG_WARN_EMPTY_BODY = YES;
				CLANG_WARN_ENUM_CONVERSION = YES;
				CLANG_WARN_INT_CONVERSION = YES;
				CLANG_WARN_OBJC_ROOT_CLASS = YES_ERROR;
				CLANG_WARN__DUPLICATE_METHOD_MATCH = YES;
				COPY_PHASE_STRIP = NO;
				GCC_C_LANGUAGE_STANDARD = gnu99;
				GCC_DYNAMIC_NO_PIC = NO;
				GCC_OPTIMIZATION_LEVEL = 0;
				GCC_PREPROCESSOR_DEFINITIONS = (
					"DEBUG=1",
					"$(inherited)",
				);
				GCC_SYMBOLS_PRIVATE_EXTERN = NO;
				GCC_WARN_64_TO_32_BIT_CONVERSION = YES;
				GCC_WARN_ABOUT_RETURN_TYPE = YES_ERROR;
				GCC_WARN_UNDECLARED_SELECTOR = YES;
				GCC_WARN_UNINITIALIZED_AUTOS = YES_AGGRESSIVE;
				GCC_WARN_UNUSED_FUNCTION = YES;
				GCC_WARN_UNUSED_VARIABLE = YES;
				IPHONEOS_DEPLOYMENT_TARGET = 7.1;
				ONLY_ACTIVE_ARCH = YES;
				SDKROOT = iphoneos;
			};
			name = Debug;
		};
		4E91CEFE196673A6000AEDD4 /* Release */ = {
			isa = XCBuildConfiguration;
			buildSettings = {
				ALWAYS_SEARCH_USER_PATHS = NO;
				CLANG_CXX_LANGUAGE_STANDARD = "gnu++0x";
				CLANG_CXX_LIBRARY = "libc++";
				CLANG_ENABLE_MODULES = YES;
				CLANG_ENABLE_OBJC_ARC = YES;
				CLANG_WARN_BOOL_CONVERSION = YES;
				CLANG_WARN_CONSTANT_CONVERSION = YES;
				CLANG_WARN_DIRECT_OBJC_ISA_USAGE = YES_ERROR;
				CLANG_WARN_EMPTY_BODY = YES;
				CLANG_WARN_ENUM_CONVERSION = YES;
				CLANG_WARN_INT_CONVERSION = YES;
				CLANG_WARN_OBJC_ROOT_CLASS = YES_ERROR;
				CLANG_WARN__DUPLICATE_METHOD_MATCH = YES;
				COPY_PHASE_STRIP = YES;
				ENABLE_NS_ASSERTIONS = NO;
				GCC_C_LANGUAGE_STANDARD = gnu99;
				GCC_WARN_64_TO_32_BIT_CONVERSION = YES;
				GCC_WARN_ABOUT_RETURN_TYPE = YES_ERROR;
				GCC_WARN_UNDECLARED_SELECTOR = YES;
				GCC_WARN_UNINITIALIZED_AUTOS = YES_AGGRESSIVE;
				GCC_WARN_UNUSED_FUNCTION = YES;
				GCC_WARN_UNUSED_VARIABLE = YES;
				IPHONEOS_DEPLOYMENT_TARGET = 7.1;
				SDKROOT = iphoneos;
				VALIDATE_PRODUCT = YES;
			};
			name = Release;
		};
		4E91CF00196673A6000AEDD4 /* Debug */ = {
			isa = XCBuildConfiguration;
			buildSettings = {
				DSTROOT = /tmp/MYRHTTPSession.dst;
				GCC_PRECOMPILE_PREFIX_HEADER = YES;
				GCC_PREFIX_HEADER = "MYRHTTPSession/MYRHTTPSession-Prefix.pch";
				OTHER_LDFLAGS = "-ObjC";
				PRODUCT_NAME = "$(TARGET_NAME)";
				SKIP_INSTALL = YES;
			};
			name = Debug;
		};
		4E91CF01196673A6000AEDD4 /* Release */ = {
			isa = XCBuildConfiguration;
			buildSettings = {
				DSTROOT = /tmp/MYRHTTPSession.dst;
				GCC_PRECOMPILE_PREFIX_HEADER = YES;
				GCC_PREFIX_HEADER = "MYRHTTPSession/MYRHTTPSession-Prefix.pch";
				OTHER_LDFLAGS = "-ObjC";
				PRODUCT_NAME = "$(TARGET_NAME)";
				SKIP_INSTALL = YES;
			};
			name = Release;
		};
		4E91CF2F19667432000AEDD4 /* Debug */ = {
			isa = XCBuildConfiguration;
			baseConfigurationReference = 7A49AE4AE0EC49368A0E0273 /* Pods-MYRHTTPSessionTests.xcconfig */;
			buildSettings = {
				ASSETCATALOG_COMPILER_APPICON_NAME = AppIcon;
				ASSETCATALOG_COMPILER_LAUNCHIMAGE_NAME = LaunchImage;
				"CODE_SIGN_IDENTITY[sdk=iphoneos*]" = "iPhone Developer";
				FRAMEWORK_SEARCH_PATHS = (
					"$(inherited)",
					"$(DEVELOPER_FRAMEWORKS_DIR)",
				);
				GCC_PRECOMPILE_PREFIX_HEADER = YES;
				GCC_PREFIX_HEADER = "MYRHTTPSessionTests/MYRHTTPSessionTests-Prefix.pch";
				GCC_PREPROCESSOR_DEFINITIONS = (
					"DEBUG=1",
					"$(inherited)",
				);
				INFOPLIST_FILE = "MYRHTTPSessionTests/MYRHTTPSessionTests-Info.plist";
				PRODUCT_NAME = "$(TARGET_NAME)";
				WRAPPER_EXTENSION = app;
			};
			name = Debug;
		};
		4E91CF3019667432000AEDD4 /* Release */ = {
			isa = XCBuildConfiguration;
			baseConfigurationReference = 7A49AE4AE0EC49368A0E0273 /* Pods-MYRHTTPSessionTests.xcconfig */;
			buildSettings = {
				ASSETCATALOG_COMPILER_APPICON_NAME = AppIcon;
				ASSETCATALOG_COMPILER_LAUNCHIMAGE_NAME = LaunchImage;
				"CODE_SIGN_IDENTITY[sdk=iphoneos*]" = "iPhone Developer";
				FRAMEWORK_SEARCH_PATHS = (
					"$(inherited)",
					"$(DEVELOPER_FRAMEWORKS_DIR)",
				);
				GCC_PRECOMPILE_PREFIX_HEADER = YES;
				GCC_PREFIX_HEADER = "MYRHTTPSessionTests/MYRHTTPSessionTests-Prefix.pch";
				INFOPLIST_FILE = "MYRHTTPSessionTests/MYRHTTPSessionTests-Info.plist";
				PRODUCT_NAME = "$(TARGET_NAME)";
				WRAPPER_EXTENSION = app;
			};
			name = Release;
		};
/* End XCBuildConfiguration section */

/* Begin XCConfigurationList section */
		4E91CED7196673A5000AEDD4 /* Build configuration list for PBXProject "MYRHTTPSession" */ = {
			isa = XCConfigurationList;
			buildConfigurations = (
				4E91CEFD196673A6000AEDD4 /* Debug */,
				4E91CEFE196673A6000AEDD4 /* Release */,
			);
			defaultConfigurationIsVisible = 0;
			defaultConfigurationName = Release;
		};
		4E91CEFF196673A6000AEDD4 /* Build configuration list for PBXNativeTarget "MYRHTTPSession" */ = {
			isa = XCConfigurationList;
			buildConfigurations = (
				4E91CF00196673A6000AEDD4 /* Debug */,
				4E91CF01196673A6000AEDD4 /* Release */,
			);
			defaultConfigurationIsVisible = 0;
			defaultConfigurationName = Release;
		};
		4E91CF2E19667432000AEDD4 /* Build configuration list for PBXNativeTarget "MYRHTTPSessionTests" */ = {
			isa = XCConfigurationList;
			buildConfigurations = (
				4E91CF2F19667432000AEDD4 /* Debug */,
				4E91CF3019667432000AEDD4 /* Release */,
			);
			defaultConfigurationIsVisible = 0;
			defaultConfigurationName = Release;
		};
/* End XCConfigurationList section */
	};
	rootObject = 4E91CED4196673A5000AEDD4 /* Project object */;
}
